
Microsoft Visual Studio Solution File, Format Version 12.00
# Visual Studio Version 17
VisualStudioVersion = 17.7.34024.191
MinimumVisualStudioVersion = 10.0.40219.1
Project("{FAE04EC0-301F-11D3-BF4B-00C04F79EFBC}") = "backend", "backend.csproj", "{B375A10F-83E5-4BDC-996C-910D48C85B54}"
EndProject
Global
	GlobalSection(SolutionConfigurationPlatforms) = preSolution
		Debug|Any CPU = Debug|Any CPU
		Release|Any CPU = Release|Any CPU
	EndGlobalSection
	GlobalSection(ProjectConfigurationPlatforms) = postSolution
		{B375A10F-83E5-4BDC-996C-910D48C85B54}.Debug|Any CPU.ActiveCfg = Debug|Any CPU
		{B375A10F-83E5-4BDC-996C-910D48C85B54}.Debug|Any CPU.Build.0 = Debug|Any CPU
		{B375A10F-83E5-4BDC-996C-910D48C85B54}.Release|Any CPU.ActiveCfg = Release|Any CPU
		{B375A10F-83E5-4BDC-996C-910D48C85B54}.Release|Any CPU.Build.0 = Release|Any CPU
	EndGlobalSection
	GlobalSection(SolutionProperties) = preSolution
		HideSolutionNode = FALSE
	EndGlobalSection
	GlobalSection(ExtensibilityGlobals) = postSolution
		SolutionGuid = {CEBC4A66-1758-4802-A0FA-FE8EA8EBC04D}
	EndGlobalSection
EndGlobal
